
Microsoft Visual Studio Solution File, Format Version 12.00
# Visual Studio Version 17
VisualStudioVersion = 17.3.32929.385
MinimumVisualStudioVersion = 10.0.40219.1
Project("{FAE04EC0-301F-11D3-BF4B-00C04F79EFBC}") = "AkademiOdev", "AkademiOdev\AkademiOdev.csproj", "{4E5CC8F3-84CB-493B-866E-6D09C338B02D}"
EndProject
Global
	GlobalSection(SolutionConfigurationPlatforms) = preSolution
		Debug|Any CPU = Debug|Any CPU
		Release|Any CPU = Release|Any CPU
	EndGlobalSection
	GlobalSection(ProjectConfigurationPlatforms) = postSolution
		{4E5CC8F3-84CB-493B-866E-6D09C338B02D}.Debug|Any CPU.ActiveCfg = Debug|Any CPU
		{4E5CC8F3-84CB-493B-866E-6D09C338B02D}.Debug|Any CPU.Build.0 = Debug|Any CPU
		{4E5CC8F3-84CB-493B-866E-6D09C338B02D}.Release|Any CPU.ActiveCfg = Release|Any CPU
		{4E5CC8F3-84CB-493B-866E-6D09C338B02D}.Release|Any CPU.Build.0 = Release|Any CPU
	EndGlobalSection
	GlobalSection(SolutionProperties) = preSolution
		HideSolutionNode = FALSE
	EndGlobalSection
	GlobalSection(ExtensibilityGlobals) = postSolution
		SolutionGuid = {58011428-791F-47E2-9D29-8F3A7EDD0E2D}
	EndGlobalSection
EndGlobal
